
Microsoft Visual Studio Solution File, Format Version 12.00
# Visual Studio Version 17
VisualStudioVersion = 17.11.35312.102
MinimumVisualStudioVersion = 10.0.40219.1
Project("{FAE04EC0-301F-11D3-BF4B-00C04F79EFBC}") = "CLVD6212-POEPART2", "CLVD6212-POEPART2.csproj", "{A6C6E144-B015-4C92-B8CF-9BA68A76645D}"
EndProject
Project("{9A19103F-16F7-4668-BE54-9A1E7A4F7556}") = "CLVD6212-POEPART1", "..\CLVD6212-POEPART1\CLVD6212-POEPART1.csproj", "{4228C5CD-23CF-4426-9671-6760B85528C8}"
EndProject
Global
	GlobalSection(SolutionConfigurationPlatforms) = preSolution
		Debug|Any CPU = Debug|Any CPU
		Release|Any CPU = Release|Any CPU
	EndGlobalSection
	GlobalSection(ProjectConfigurationPlatforms) = postSolution
		{A6C6E144-B015-4C92-B8CF-9BA68A76645D}.Debug|Any CPU.ActiveCfg = Debug|Any CPU
		{A6C6E144-B015-4C92-B8CF-9BA68A76645D}.Debug|Any CPU.Build.0 = Debug|Any CPU
		{A6C6E144-B015-4C92-B8CF-9BA68A76645D}.Release|Any CPU.ActiveCfg = Release|Any CPU
		{A6C6E144-B015-4C92-B8CF-9BA68A76645D}.Release|Any CPU.Build.0 = Release|Any CPU
		{4228C5CD-23CF-4426-9671-6760B85528C8}.Debug|Any CPU.ActiveCfg = Debug|Any CPU
		{4228C5CD-23CF-4426-9671-6760B85528C8}.Debug|Any CPU.Build.0 = Debug|Any CPU
		{4228C5CD-23CF-4426-9671-6760B85528C8}.Release|Any CPU.ActiveCfg = Release|Any CPU
		{4228C5CD-23CF-4426-9671-6760B85528C8}.Release|Any CPU.Build.0 = Release|Any CPU
	EndGlobalSection
	GlobalSection(SolutionProperties) = preSolution
		HideSolutionNode = FALSE
	EndGlobalSection
	GlobalSection(ExtensibilityGlobals) = postSolution
		SolutionGuid = {D78B412F-6E48-4539-AC0F-509E7F00C0F0}
	EndGlobalSection
EndGlobal
